# This file is autogenerated, do not edit; changes may be undone by the next 'dep ensure'.


[[projects]]
  branch = "master"
  name = "github.com/skratchdot/open-golang"
  packages = ["open"]
  revision = "a2dfa6d0dab6634ecf39251031a3d52db73b5c7e"

[solve-meta]
  analyzer-name = "dep"
  analyzer-version = 1
  inputs-digest = "228e925da7eda7954349ae0ff0a9ceff9745d7282fb5f2ff52f68daaa2bfb00a"
  solver-name = "gps-cdcl"
  solver-version = 1
